
Microsoft Visual Studio Solution File, Format Version 12.00
# Visual Studio Version 17
VisualStudioVersion = 17.4.33103.184
MinimumVisualStudioVersion = 10.0.40219.1
Project("{9A19103F-16F7-4668-BE54-9A1E7A4F7556}") = "SchedulingBusinessSoftware", "SchedulingBusinessSoftware\SchedulingBusinessSoftware.csproj", "{B33EC303-FF7D-437A-9A20-A54197A567E4}"
EndProject
Global
	GlobalSection(SolutionConfigurationPlatforms) = preSolution
		Debug|Any CPU = Debug|Any CPU
		Release|Any CPU = Release|Any CPU
	EndGlobalSection
	GlobalSection(ProjectConfigurationPlatforms) = postSolution
		{B33EC303-FF7D-437A-9A20-A54197A567E4}.Debug|Any CPU.ActiveCfg = Debug|Any CPU
		{B33EC303-FF7D-437A-9A20-A54197A567E4}.Debug|Any CPU.Build.0 = Debug|Any CPU
		{B33EC303-FF7D-437A-9A20-A54197A567E4}.Release|Any CPU.ActiveCfg = Release|Any CPU
		{B33EC303-FF7D-437A-9A20-A54197A567E4}.Release|Any CPU.Build.0 = Release|Any CPU
	EndGlobalSection
	GlobalSection(SolutionProperties) = preSolution
		HideSolutionNode = FALSE
	EndGlobalSection
	GlobalSection(ExtensibilityGlobals) = postSolution
		SolutionGuid = {BE559A00-800C-4098-A10C-163898351CBF}
	EndGlobalSection
EndGlobal
